{
  "name": "snake",
  "lockfileVersion": 3,
  "requires": true,
  "packages": {
    "": {
      "dependencies": {
        "snake": "^0.0.1"
      }
    },
    "node_modules/snake": {
      "version": "0.0.1",
      "resolved": "https://registry.npmjs.org/snake/-/snake-0.0.1.tgz",
      "integrity": "sha512-GVNzj1Bq2bBssieYddzwWF9qT3jSWgF8m4tmwFw/ghd5Exk7i0e/1gUTjO8SMOHeAZQq0eC3JzswihOE7z182A==",
      "dependencies": {
        "term-canvas": ">=0.0.4"
      },
      "engines": {
        "node": ">=0.6.0"
      }
    },
    "node_modules/term-canvas": {
      "version": "0.0.5",
      "resolved": "https://registry.npmjs.org/term-canvas/-/term-canvas-0.0.5.tgz",
      "integrity": "sha512-eZ3rIWi5yLnKiUcsW8P79fKyooaLmyLWAGqBhFspqMxRNUiB4GmHHk5AzQ4LxvFbJILaXqQZLwbbATLOhCFwkw=="
    }
  }
}
